// !$*UTF8*$!
{
	archiveVersion = 1;
	classes = {
	};
	objectVersion = 77;
	objects = {

/* Begin PBXContainerItemProxy section */
		528D09102D88A20900CE559F /* PBXContainerItemProxy */ = {
			isa = PBXContainerItemProxy;
			containerPortal = 528D08F62D88A20600CE559F /* Project object */;
			proxyType = 1;
			remoteGlobalIDString = 528D08FD2D88A20600CE559F;
			remoteInfo = SwiftUIFormTextFieldValidation;
		};
		528D091A2D88A20900CE559F /* PBXContainerItemProxy */ = {
			isa = PBXContainerItemProxy;
			containerPortal = 528D08F62D88A20600CE559F /* Project object */;
			proxyType = 1;
			remoteGlobalIDString = 528D08FD2D88A20600CE559F;
			remoteInfo = SwiftUIFormTextFieldValidation;
		};
/* End PBXContainerItemProxy section */

/* Begin PBXFileReference section */
		528D08FE2D88A20600CE559F /* SwiftUIFormTextFieldValidation.app */ = {isa = PBXFileReference; explicitFileType = wrapper.application; includeInIndex = 0; path = SwiftUIFormTextFieldValidation.app; sourceTree = BUILT_PRODUCTS_DIR; };
		528D090F2D88A20900CE559F /* SwiftUIFormTextFieldValidationTests.xctest */ = {isa = PBXFileReference; explicitFileType = wrapper.cfbundle; includeInIndex = 0; path = SwiftUIFormTextFieldValidationTests.xctest; sourceTree = BUILT_PRODUCTS_DIR; };
		528D09192D88A20900CE559F /* SwiftUIFormTextFieldValidationUITests.xctest */ = {isa = PBXFileReference; explicitFileType = wrapper.cfbundle; includeInIndex = 0; path = SwiftUIFormTextFieldValidationUITests.xctest; sourceTree = BUILT_PRODUCTS_DIR; };
/* End PBXFileReference section */

/* Begin PBXFileSystemSynchronizedRootGroup section */
		528D09002D88A20600CE559F /* SwiftUIFormTextFieldValidation */ = {
			isa = PBXFileSystemSynchronizedRootGroup;
			path = SwiftUIFormTextFieldValidation;
			sourceTree = "<group>";
		};
		528D09122D88A20900CE559F /* SwiftUIFormTextFieldValidationTests */ = {
			isa = PBXFileSystemSynchronizedRootGroup;
			path = SwiftUIFormTextFieldValidationTests;
			sourceTree = "<group>";
		};
		528D091C2D88A20900CE559F /* SwiftUIFormTextFieldValidationUITests */ = {
			isa = PBXFileSystemSynchronizedRootGroup;
			path = SwiftUIFormTextFieldValidationUITests;
			sourceTree = "<group>";
		};
/* End PBXFileSystemSynchronizedRootGroup section */

/* Begin PBXFrameworksBuildPhase section */
		528D08FB2D88A20600CE559F /* Frameworks */ = {
			isa = PBXFrameworksBuildPhase;
			buildActionMask = 2147483647;
			files = (
			);
			runOnlyForDeploymentPostprocessing = 0;
		};
		528D090C2D88A20900CE559F /* Frameworks */ = {
			isa = PBXFrameworksBuildPhase;
			buildActionMask = 2147483647;
			files = (
			);
			runOnlyForDeploymentPostprocessing = 0;
		};
		528D09162D88A20900CE559F /* Frameworks */ = {
			isa = PBXFrameworksBuildPhase;
			buildActionMask = 2147483647;
			files = (
			);
			runOnlyForDeploymentPostprocessing = 0;
		};
/* End PBXFrameworksBuildPhase section */

/* Begin PBXGroup section */
		528D08F52D88A20600CE559F = {
			isa = PBXGroup;
			children = (
				528D09002D88A20600CE559F /* SwiftUIFormTextFieldValidation */,
				528D09122D88A20900CE559F /* SwiftUIFormTextFieldValidationTests */,
				528D091C2D88A20900CE559F /* SwiftUIFormTextFieldValidationUITests */,
				528D08FF2D88A20600CE559F /* Products */,
			);
			sourceTree = "<group>";
		};
		528D08FF2D88A20600CE559F /* Products */ = {
			isa = PBXGroup;
			children = (
				528D08FE2D88A20600CE559F /* SwiftUIFormTextFieldValidation.app */,
				528D090F2D88A20900CE559F /* SwiftUIFormTextFieldValidationTests.xctest */,
				528D09192D88A20900CE559F /* SwiftUIFormTextFieldValidationUITests.xctest */,
			);
			name = Products;
			sourceTree = "<group>";
		};
/* End PBXGroup section */

/* Begin PBXNativeTarget section */
		528D08FD2D88A20600CE559F /* SwiftUIFormTextFieldValidation */ = {
			isa = PBXNativeTarget;
			buildConfigurationList = 528D09232D88A20900CE559F /* Build configuration list for PBXNativeTarget "SwiftUIFormTextFieldValidation" */;
			buildPhases = (
				528D08FA2D88A20600CE559F /* Sources */,
				528D08FB2D88A20600CE559F /* Frameworks */,
				528D08FC2D88A20600CE559F /* Resources */,
			);
			buildRules = (
			);
			dependencies = (
			);
			fileSystemSynchronizedGroups = (
				528D09002D88A20600CE559F /* SwiftUIFormTextFieldValidation */,
			);
			name = SwiftUIFormTextFieldValidation;
			packageProductDependencies = (
			);
			productName = SwiftUIFormTextFieldValidation;
			productReference = 528D08FE2D88A20600CE559F /* SwiftUIFormTextFieldValidation.app */;
			productType = "com.apple.product-type.application";
		};
		528D090E2D88A20900CE559F /* SwiftUIFormTextFieldValidationTests */ = {
			isa = PBXNativeTarget;
			buildConfigurationList = 528D09262D88A20900CE559F /* Build configuration list for PBXNativeTarget "SwiftUIFormTextFieldValidationTests" */;
			buildPhases = (
				528D090B2D88A20900CE559F /* Sources */,
				528D090C2D88A20900CE559F /* Frameworks */,
				528D090D2D88A20900CE559F /* Resources */,
			);
			buildRules = (
			);
			dependencies = (
				528D09112D88A20900CE559F /* PBXTargetDependency */,
			);
			fileSystemSynchronizedGroups = (
				528D09122D88A20900CE559F /* SwiftUIFormTextFieldValidationTests */,
			);
			name = SwiftUIFormTextFieldValidationTests;
			packageProductDependencies = (
			);
			productName = SwiftUIFormTextFieldValidationTests;
			productReference = 528D090F2D88A20900CE559F /* SwiftUIFormTextFieldValidationTests.xctest */;
			productType = "com.apple.product-type.bundle.unit-test";
		};
		528D09182D88A20900CE559F /* SwiftUIFormTextFieldValidationUITests */ = {
			isa = PBXNativeTarget;
			buildConfigurationList = 528D09292D88A20900CE559F /* Build configuration list for PBXNativeTarget "SwiftUIFormTextFieldValidationUITests" */;
			buildPhases = (
				528D09152D88A20900CE559F /* Sources */,
				528D09162D88A20900CE559F /* Frameworks */,
				528D09172D88A20900CE559F /* Resources */,
			);
			buildRules = (
			);
			dependencies = (
				528D091B2D88A20900CE559F /* PBXTargetDependency */,
			);
			fileSystemSynchronizedGroups = (
				528D091C2D88A20900CE559F /* SwiftUIFormTextFieldValidationUITests */,
			);
			name = SwiftUIFormTextFieldValidationUITests;
			packageProductDependencies = (
			);
			productName = SwiftUIFormTextFieldValidationUITests;
			productReference = 528D09192D88A20900CE559F /* SwiftUIFormTextFieldValidationUITests.xctest */;
			productType = "com.apple.product-type.bundle.ui-testing";
		};
/* End PBXNativeTarget section */

/* Begin PBXProject section */
		528D08F62D88A20600CE559F /* Project object */ = {
			isa = PBXProject;
			attributes = {
				BuildIndependentTargetsInParallel = 1;
				LastSwiftUpdateCheck = 1620;
				LastUpgradeCheck = 1620;
				TargetAttributes = {
					528D08FD2D88A20600CE559F = {
						CreatedOnToolsVersion = 16.2;
					};
					528D090E2D88A20900CE559F = {
						CreatedOnToolsVersion = 16.2;
						TestTargetID = 528D08FD2D88A20600CE559F;
					};
					528D09182D88A20900CE559F = {
						CreatedOnToolsVersion = 16.2;
						TestTargetID = 528D08FD2D88A20600CE559F;
					};
				};
			};
			buildConfigurationList = 528D08F92D88A20600CE559F /* Build configuration list for PBXProject "SwiftUIFormTextFieldValidation" */;
			developmentRegion = en;
			hasScannedForEncodings = 0;
			knownRegions = (
				en,
				Base,
			);
			mainGroup = 528D08F52D88A20600CE559F;
			minimizedProjectReferenceProxies = 1;
			preferredProjectObjectVersion = 77;
			productRefGroup = 528D08FF2D88A20600CE559F /* Products */;
			projectDirPath = "";
			projectRoot = "";
			targets = (
				528D08FD2D88A20600CE559F /* SwiftUIFormTextFieldValidation */,
				528D090E2D88A20900CE559F /* SwiftUIFormTextFieldValidationTests */,
				528D09182D88A20900CE559F /* SwiftUIFormTextFieldValidationUITests */,
			);
		};
/* End PBXProject section */

/* Begin PBXResourcesBuildPhase section */
		528D08FC2D88A20600CE559F /* Resources */ = {
			isa = PBXResourcesBuildPhase;
			buildActionMask = 2147483647;
			files = (
			);
			runOnlyForDeploymentPostprocessing = 0;
		};
		528D090D2D88A20900CE559F /* Resources */ = {
			isa = PBXResourcesBuildPhase;
			buildActionMask = 2147483647;
			files = (
			);
			runOnlyForDeploymentPostprocessing = 0;
		};
		528D09172D88A20900CE559F /* Resources */ = {
			isa = PBXResourcesBuildPhase;
			buildActionMask = 2147483647;
			files = (
			);
			runOnlyForDeploymentPostprocessing = 0;
		};
/* End PBXResourcesBuildPhase section */

/* Begin PBXSourcesBuildPhase section */
		528D08FA2D88A20600CE559F /* Sources */ = {
			isa = PBXSourcesBuildPhase;
			buildActionMask = 2147483647;
			files = (
			);
			runOnlyForDeploymentPostprocessing = 0;
		};
		528D090B2D88A20900CE559F /* Sources */ = {
			isa = PBXSourcesBuildPhase;
			buildActionMask = 2147483647;
			files = (
			);
			runOnlyForDeploymentPostprocessing = 0;
		};
		528D09152D88A20900CE559F /* Sources */ = {
			isa = PBXSourcesBuildPhase;
			buildActionMask = 2147483647;
			files = (
			);
			runOnlyForDeploymentPostprocessing = 0;
		};
/* End PBXSourcesBuildPhase section */

/* Begin PBXTargetDependency section */
		528D09112D88A20900CE559F /* PBXTargetDependency */ = {
			isa = PBXTargetDependency;
			target = 528D08FD2D88A20600CE559F /* SwiftUIFormTextFieldValidation */;
			targetProxy = 528D09102D88A20900CE559F /* PBXContainerItemProxy */;
		};
		528D091B2D88A20900CE559F /* PBXTargetDependency */ = {
			isa = PBXTargetDependency;
			target = 528D08FD2D88A20600CE559F /* SwiftUIFormTextFieldValidation */;
			targetProxy = 528D091A2D88A20900CE559F /* PBXContainerItemProxy */;
		};
/* End PBXTargetDependency section */

/* Begin XCBuildConfiguration section */
		528D09212D88A20900CE559F /* Debug */ = {
			isa = XCBuildConfiguration;
			buildSettings = {
				ALWAYS_SEARCH_USER_PATHS = NO;
				ASSETCATALOG_COMPILER_GENERATE_SWIFT_ASSET_SYMBOL_EXTENSIONS = YES;
				CLANG_ANALYZER_NONNULL = YES;
				CLANG_ANALYZER_NUMBER_OBJECT_CONVERSION = YES_AGGRESSIVE;
				CLANG_CXX_LANGUAGE_STANDARD = "gnu++20";
				CLANG_ENABLE_MODULES = YES;
				CLANG_ENABLE_OBJC_ARC = YES;
				CLANG_ENABLE_OBJC_WEAK = YES;
				CLANG_WARN_BLOCK_CAPTURE_AUTORELEASING = YES;
				CLANG_WARN_BOOL_CONVERSION = YES;
				CLANG_WARN_COMMA = YES;
				CLANG_WARN_CONSTANT_CONVERSION = YES;
				CLANG_WARN_DEPRECATED_OBJC_IMPLEMENTATIONS = YES;
				CLANG_WARN_DIRECT_OBJC_ISA_USAGE = YES_ERROR;
				CLANG_WARN_DOCUMENTATION_COMMENTS = YES;
				CLANG_WARN_EMPTY_BODY = YES;
				CLANG_WARN_ENUM_CONVERSION = YES;
				CLANG_WARN_INFINITE_RECURSION = YES;
				CLANG_WARN_INT_CONVERSION = YES;
				CLANG_WARN_NON_LITERAL_NULL_CONVERSION = YES;
				CLANG_WARN_OBJC_IMPLICIT_RETAIN_SELF = YES;
				CLANG_WARN_OBJC_LITERAL_CONVERSION = YES;
				CLANG_WARN_OBJC_ROOT_CLASS = YES_ERROR;
				CLANG_WARN_QUOTED_INCLUDE_IN_FRAMEWORK_HEADER = YES;
				CLANG_WARN_RANGE_LOOP_ANALYSIS = YES;
				CLANG_WARN_STRICT_PROTOTYPES = YES;
				CLANG_WARN_SUSPICIOUS_MOVE = YES;
				CLANG_WARN_UNGUARDED_AVAILABILITY = YES_AGGRESSIVE;
				CLANG_WARN_UNREACHABLE_CODE = YES;
				CLANG_WARN__DUPLICATE_METHOD_MATCH = YES;
				COPY_PHASE_STRIP = NO;
				DEBUG_INFORMATION_FORMAT = dwarf;
				ENABLE_STRICT_OBJC_MSGSEND = YES;
				ENABLE_TESTABILITY = YES;
				ENABLE_USER_SCRIPT_SANDBOXING = YES;
				GCC_C_LANGUAGE_STANDARD = gnu17;
				GCC_DYNAMIC_NO_PIC = NO;
				GCC_NO_COMMON_BLOCKS = YES;
				GCC_OPTIMIZATION_LEVEL = 0;
				GCC_PREPROCESSOR_DEFINITIONS = (
					"DEBUG=1",
					"$(inherited)",
				);
				GCC_WARN_64_TO_32_BIT_CONVERSION = YES;
				GCC_WARN_ABOUT_RETURN_TYPE = YES_ERROR;
				GCC_WARN_UNDECLARED_SELECTOR = YES;
				GCC_WARN_UNINITIALIZED_AUTOS = YES_AGGRESSIVE;
				GCC_WARN_UNUSED_FUNCTION = YES;
				GCC_WARN_UNUSED_VARIABLE = YES;
				LOCALIZATION_PREFERS_STRING_CATALOGS = YES;
				MACOSX_DEPLOYMENT_TARGET = 15.2;
				MTL_ENABLE_DEBUG_INFO = INCLUDE_SOURCE;
				MTL_FAST_MATH = YES;
				ONLY_ACTIVE_ARCH = YES;
				SDKROOT = macosx;
				SWIFT_ACTIVE_COMPILATION_CONDITIONS = "DEBUG $(inherited)";
				SWIFT_OPTIMIZATION_LEVEL = "-Onone";
			};
			name = Debug;
		};
		528D09222D88A20900CE559F /* Release */ = {
			isa = XCBuildConfiguration;
			buildSettings = {
				ALWAYS_SEARCH_USER_PATHS = NO;
				ASSETCATALOG_COMPILER_GENERATE_SWIFT_ASSET_SYMBOL_EXTENSIONS = YES;
				CLANG_ANALYZER_NONNULL = YES;
				CLANG_ANALYZER_NUMBER_OBJECT_CONVERSION = YES_AGGRESSIVE;
				CLANG_CXX_LANGUAGE_STANDARD = "gnu++20";
				CLANG_ENABLE_MODULES = YES;
				CLANG_ENABLE_OBJC_ARC = YES;
				CLANG_ENABLE_OBJC_WEAK = YES;
				CLANG_WARN_BLOCK_CAPTURE_AUTORELEASING = YES;
				CLANG_WARN_BOOL_CONVERSION = YES;
				CLANG_WARN_COMMA = YES;
				CLANG_WARN_CONSTANT_CONVERSION = YES;
				CLANG_WARN_DEPRECATED_OBJC_IMPLEMENTATIONS = YES;
				CLANG_WARN_DIRECT_OBJC_ISA_USAGE = YES_ERROR;
				CLANG_WARN_DOCUMENTATION_COMMENTS = YES;
				CLANG_WARN_EMPTY_BODY = YES;
				CLANG_WARN_ENUM_CONVERSION = YES;
				CLANG_WARN_INFINITE_RECURSION = YES;
				CLANG_WARN_INT_CONVERSION = YES;
				CLANG_WARN_NON_LITERAL_NULL_CONVERSION = YES;
				CLANG_WARN_OBJC_IMPLICIT_RETAIN_SELF = YES;
				CLANG_WARN_OBJC_LITERAL_CONVERSION = YES;
				CLANG_WARN_OBJC_ROOT_CLASS = YES_ERROR;
				CLANG_WARN_QUOTED_INCLUDE_IN_FRAMEWORK_HEADER = YES;
				CLANG_WARN_RANGE_LOOP_ANALYSIS = YES;
				CLANG_WARN_STRICT_PROTOTYPES = YES;
				CLANG_WARN_SUSPICIOUS_MOVE = YES;
				CLANG_WARN_UNGUARDED_AVAILABILITY = YES_AGGRESSIVE;
				CLANG_WARN_UNREACHABLE_CODE = YES;
				CLANG_WARN__DUPLICATE_METHOD_MATCH = YES;
				COPY_PHASE_STRIP = NO;
				DEBUG_INFORMATION_FORMAT = "dwarf-with-dsym";
				ENABLE_NS_ASSERTIONS = NO;
				ENABLE_STRICT_OBJC_MSGSEND = YES;
				ENABLE_USER_SCRIPT_SANDBOXING = YES;
				GCC_C_LANGUAGE_STANDARD = gnu17;
				GCC_NO_COMMON_BLOCKS = YES;
				GCC_WARN_64_TO_32_BIT_CONVERSION = YES;
				GCC_WARN_ABOUT_RETURN_TYPE = YES_ERROR;
				GCC_WARN_UNDECLARED_SELECTOR = YES;
				GCC_WARN_UNINITIALIZED_AUTOS = YES_AGGRESSIVE;
				GCC_WARN_UNUSED_FUNCTION = YES;
				GCC_WARN_UNUSED_VARIABLE = YES;
				LOCALIZATION_PREFERS_STRING_CATALOGS = YES;
				MACOSX_DEPLOYMENT_TARGET = 15.2;
				MTL_ENABLE_DEBUG_INFO = NO;
				MTL_FAST_MATH = YES;
				SDKROOT = macosx;
				SWIFT_COMPILATION_MODE = wholemodule;
			};
			name = Release;
		};
		528D09242D88A20900CE559F /* Debug */ = {
			isa = XCBuildConfiguration;
			buildSettings = {
				ASSETCATALOG_COMPILER_APPICON_NAME = AppIcon;
				ASSETCATALOG_COMPILER_GLOBAL_ACCENT_COLOR_NAME = AccentColor;
				CODE_SIGN_ENTITLEMENTS = SwiftUIFormTextFieldValidation/SwiftUIFormTextFieldValidation.entitlements;
				CODE_SIGN_STYLE = Automatic;
				COMBINE_HIDPI_IMAGES = YES;
				CURRENT_PROJECT_VERSION = 1;
				DEVELOPMENT_ASSET_PATHS = "\"SwiftUIFormTextFieldValidation/Preview Content\"";
				DEVELOPMENT_TEAM = HN55VQ5D69;
				ENABLE_HARDENED_RUNTIME = YES;
				ENABLE_PREVIEWS = YES;
				GENERATE_INFOPLIST_FILE = YES;
				INFOPLIST_KEY_NSHumanReadableCopyright = "";
				LD_RUNPATH_SEARCH_PATHS = (
					"$(inherited)",
					"@executable_path/../Frameworks",
				);
				MARKETING_VERSION = 1.0;
				PRODUCT_BUNDLE_IDENTIFIER = com.asithappens.SwiftUIFormTextFieldValidation;
				PRODUCT_NAME = "$(TARGET_NAME)";
				SWIFT_EMIT_LOC_STRINGS = YES;
				SWIFT_VERSION = 5.0;
			};
			name = Debug;
		};
		528D09252D88A20900CE559F /* Release */ = {
			isa = XCBuildConfiguration;
			buildSettings = {
				ASSETCATALOG_COMPILER_APPICON_NAME = AppIcon;
				ASSETCATALOG_COMPILER_GLOBAL_ACCENT_COLOR_NAME = AccentColor;
				CODE_SIGN_ENTITLEMENTS = SwiftUIFormTextFieldValidation/SwiftUIFormTextFieldValidation.entitlements;
				CODE_SIGN_STYLE = Automatic;
				COMBINE_HIDPI_IMAGES = YES;
				CURRENT_PROJECT_VERSION = 1;
				DEVELOPMENT_ASSET_PATHS = "\"SwiftUIFormTextFieldValidation/Preview Content\"";
				DEVELOPMENT_TEAM = HN55VQ5D69;
				ENABLE_HARDENED_RUNTIME = YES;
				ENABLE_PREVIEWS = YES;
				GENERATE_INFOPLIST_FILE = YES;
				INFOPLIST_KEY_NSHumanReadableCopyright = "";
				LD_RUNPATH_SEARCH_PATHS = (
					"$(inherited)",
					"@executable_path/../Frameworks",
				);
				MARKETING_VERSION = 1.0;
				PRODUCT_BUNDLE_IDENTIFIER = com.asithappens.SwiftUIFormTextFieldValidation;
				PRODUCT_NAME = "$(TARGET_NAME)";
				SWIFT_EMIT_LOC_STRINGS = YES;
				SWIFT_VERSION = 5.0;
			};
			name = Release;
		};
		528D09272D88A20900CE559F /* Debug */ = {
			isa = XCBuildConfiguration;
			buildSettings = {
				BUNDLE_LOADER = "$(TEST_HOST)";
				CODE_SIGN_STYLE = Automatic;
				CURRENT_PROJECT_VERSION = 1;
				DEVELOPMENT_TEAM = HN55VQ5D69;
				GENERATE_INFOPLIST_FILE = YES;
				MACOSX_DEPLOYMENT_TARGET = 15.2;
				MARKETING_VERSION = 1.0;
				PRODUCT_BUNDLE_IDENTIFIER = com.asithappens.SwiftUIFormTextFieldValidationTests;
				PRODUCT_NAME = "$(TARGET_NAME)";
				SWIFT_EMIT_LOC_STRINGS = NO;
				SWIFT_VERSION = 5.0;
				TEST_HOST = "$(BUILT_PRODUCTS_DIR)/SwiftUIFormTextFieldValidation.app/$(BUNDLE_EXECUTABLE_FOLDER_PATH)/SwiftUIFormTextFieldValidation";
			};
			name = Debug;
		};
		528D09282D88A20900CE559F /* Release */ = {
			isa = XCBuildConfiguration;
			buildSettings = {
				BUNDLE_LOADER = "$(TEST_HOST)";
				CODE_SIGN_STYLE = Automatic;
				CURRENT_PROJECT_VERSION = 1;
				DEVELOPMENT_TEAM = HN55VQ5D69;
				GENERATE_INFOPLIST_FILE = YES;
				MACOSX_DEPLOYMENT_TARGET = 15.2;
				MARKETING_VERSION = 1.0;
				PRODUCT_BUNDLE_IDENTIFIER = com.asithappens.SwiftUIFormTextFieldValidationTests;
				PRODUCT_NAME = "$(TARGET_NAME)";
				SWIFT_EMIT_LOC_STRINGS = NO;
				SWIFT_VERSION = 5.0;
				TEST_HOST = "$(BUILT_PRODUCTS_DIR)/SwiftUIFormTextFieldValidation.app/$(BUNDLE_EXECUTABLE_FOLDER_PATH)/SwiftUIFormTextFieldValidation";
			};
			name = Release;
		};
		528D092A2D88A20900CE559F /* Debug */ = {
			isa = XCBuildConfiguration;
			buildSettings = {
				CODE_SIGN_STYLE = Automatic;
				CURRENT_PROJECT_VERSION = 1;
				DEVELOPMENT_TEAM = HN55VQ5D69;
				GENERATE_INFOPLIST_FILE = YES;
				MARKETING_VERSION = 1.0;
				PRODUCT_BUNDLE_IDENTIFIER = com.asithappens.SwiftUIFormTextFieldValidationUITests;
				PRODUCT_NAME = "$(TARGET_NAME)";
				SWIFT_EMIT_LOC_STRINGS = NO;
				SWIFT_VERSION = 5.0;
				TEST_TARGET_NAME = SwiftUIFormTextFieldValidation;
			};
			name = Debug;
		};
		528D092B2D88A20900CE559F /* Release */ = {
			isa = XCBuildConfiguration;
			buildSettings = {
				CODE_SIGN_STYLE = Automatic;
				CURRENT_PROJECT_VERSION = 1;
				DEVELOPMENT_TEAM = HN55VQ5D69;
				GENERATE_INFOPLIST_FILE = YES;
				MARKETING_VERSION = 1.0;
				PRODUCT_BUNDLE_IDENTIFIER = com.asithappens.SwiftUIFormTextFieldValidationUITests;
				PRODUCT_NAME = "$(TARGET_NAME)";
				SWIFT_EMIT_LOC_STRINGS = NO;
				SWIFT_VERSION = 5.0;
				TEST_TARGET_NAME = SwiftUIFormTextFieldValidation;
			};
			name = Release;
		};
/* End XCBuildConfiguration section */

/* Begin XCConfigurationList section */
		528D08F92D88A20600CE559F /* Build configuration list for PBXProject "SwiftUIFormTextFieldValidation" */ = {
			isa = XCConfigurationList;
			buildConfigurations = (
				528D09212D88A20900CE559F /* Debug */,
				528D09222D88A20900CE559F /* Release */,
			);
			defaultConfigurationIsVisible = 0;
			defaultConfigurationName = Release;
		};
		528D09232D88A20900CE559F /* Build configuration list for PBXNativeTarget "SwiftUIFormTextFieldValidation" */ = {
			isa = XCConfigurationList;
			buildConfigurations = (
				528D09242D88A20900CE559F /* Debug */,
				528D09252D88A20900CE559F /* Release */,
			);
			defaultConfigurationIsVisible = 0;
			defaultConfigurationName = Release;
		};
		528D09262D88A20900CE559F /* Build configuration list for PBXNativeTarget "SwiftUIFormTextFieldValidationTests" */ = {
			isa = XCConfigurationList;
			buildConfigurations = (
				528D09272D88A20900CE559F /* Debug */,
				528D09282D88A20900CE559F /* Release */,
			);
			defaultConfigurationIsVisible = 0;
			defaultConfigurationName = Release;
		};
		528D09292D88A20900CE559F /* Build configuration list for PBXNativeTarget "SwiftUIFormTextFieldValidationUITests" */ = {
			isa = XCConfigurationList;
			buildConfigurations = (
				528D092A2D88A20900CE559F /* Debug */,
				528D092B2D88A20900CE559F /* Release */,
			);
			defaultConfigurationIsVisible = 0;
			defaultConfigurationName = Release;
		};
/* End XCConfigurationList section */
	};
	rootObject = 528D08F62D88A20600CE559F /* Project object */;
}
